PODS:
  - boost-for-react-native (1.63.0)
  - BVLinearGradient (2.5.4):
    - React
  - DoubleConversion (1.1.6)
  - Folly (2018.10.22.00):
    - boost-for-react-native
    - DoubleConversion
    - glog
  - glog (0.3.5)
  - QBImagePickerController (3.4.0)
  - React (0.59.8):
    - React/Core (= 0.59.8)
  - react-native-image-picker (0.28.1):
    - React
  - react-native-sqlite-storage (3.3.10):
    - React
  - React/Core (0.59.8):
    - yoga (= 0.59.8.React)
  - React/RCTImage (0.59.8):
    - React/Core
    - React/RCTNetwork
  - React/RCTNetwork (0.59.8):
    - React/Core
  - RNCAsyncStorage (1.4.2):
    - React
  - RNImageCropPicker (0.24.1):
    - QBImagePickerController
    - React/Core
    - RSKImageCropper
  - RNSVG (9.4.0):
    - React
  - RNVectorIcons (6.4.2):
    - React
  - RSKImageCropper (2.2.1)
  - yoga (0.59.8.React)

DEPENDENCIES:
  - BVLinearGradient (from `../node_modules/react-native-linear-gradient`)
  - DoubleConversion (from `../node_modules/react-native/third-party-podspecs/DoubleConversion.podspec`)
  - Folly (from `../node_modules/react-native/third-party-podspecs/Folly.podspec`)
  - glog (from `../node_modules/react-native/third-party-podspecs/glog.podspec`)
  - react-native-image-picker (from `../node_modules/react-native-image-picker`)
  - react-native-sqlite-storage (from `../node_modules/react-native-sqlite-storage`)
  - React/RCTImage (from `../node_modules/react-native`)
  - "RNCAsyncStorage (from `../node_modules/@react-native-community/async-storage`)"
  - RNImageCropPicker (from `../node_modules/react-native-image-crop-picker`)
  - RNSVG (from `../node_modules/react-native-svg`)
  - RNVectorIcons (from `../node_modules/react-native-vector-icons`)
  - yoga (from `../node_modules/react-native/ReactCommon/yoga`)

SPEC REPOS:
  https://github.com/cocoapods/specs.git:
    - boost-for-react-native
    - QBImagePickerController
    - RSKImageCropper

EXTERNAL SOURCES:
  BVLinearGradient:
    :path: "../node_modules/react-native-linear-gradient"
  DoubleConversion:
    :podspec: "../node_modules/react-native/third-party-podspecs/DoubleConversion.podspec"
  Folly:
    :podspec: "../node_modules/react-native/third-party-podspecs/Folly.podspec"
  glog:
    :podspec: "../node_modules/react-native/third-party-podspecs/glog.podspec"
  React:
    :path: "../node_modules/react-native"
  react-native-image-picker:
    :path: "../node_modules/react-native-image-picker"
  react-native-sqlite-storage:
    :path: "../node_modules/react-native-sqlite-storage"
  RNCAsyncStorage:
    :path: "../node_modules/@react-native-community/async-storage"
  RNImageCropPicker:
    :path: "../node_modules/react-native-image-crop-picker"
  RNSVG:
    :path: "../node_modules/react-native-svg"
  RNVectorIcons:
    :path: "../node_modules/react-native-vector-icons"
  yoga:
    :path: "../node_modules/react-native/ReactCommon/yoga"

SPEC CHECKSUMS:
  boost-for-react-native: 39c7adb57c4e60d6c5479dd8623128eb5b3f0f2c
  BVLinearGradient: 8cbc5155c978f2e43098818c91d206d07aae6d30
  DoubleConversion: bb338842f62ab1d708ceb63ec3d999f0f3d98ecd
  Folly: de497beb10f102453a1afa9edbf8cf8a251890de
  glog: aefd1eb5dda2ab95ba0938556f34b98e2da3a60d
  QBImagePickerController: d54cf93db6decf26baf6ed3472f336ef35cae022
  React: 76e6aa2b87d05eb6cccb6926d72685c9a07df152
  react-native-image-picker: fd93361c666f397bdf72f9c6c23f13d2685b9173
  react-native-sqlite-storage: e2514e75e65458cc2c6590d181bd1947ec6f4e3f
  RNCAsyncStorage: 285698b8a4f219573174d99e863a78b93f389272
  RNImageCropPicker: 6134b66a3d5bc13e2895a97c630a4254006902b4
  RNSVG: 9cb6e958c4b6a1f58185ac72a350b148947d6fed
  RNVectorIcons: 6607bd3a30291d0edb56f9bbe7ae411ee2b928b0
  RSKImageCropper: 98296ad26b41753f796b6898d015509598f13d97
  yoga: 92b2102c3d373d1a790db4ab761d2b0ffc634f64

PODFILE CHECKSUM: 7a3129103a0a2b8aae31636b5e3942867aab2194

COCOAPODS: 1.7.1
