PODS:
  - boost-for-react-native (1.63.0)
  - DoubleConversion (1.1.5)
  - Folly (2018.10.22.00):
    - boost-for-react-native
    - DoubleConversion
    - glog
  - glog (0.3.4)
  - React (0.58.0):
    - React/Core (= 0.58.0)
  - react-native-background-service (1.0.0):
    - React
  - react-native-sqlite-storage (3.3.10):
    - React
  - React/Core (0.58.0):
    - yoga (= 0.58.0.React)
  - yoga (0.58.0.React)

DEPENDENCIES:
  - Folly (from `../node_modules/react-native/third-party-podspecs/Folly.podspec`)
  - React (from `../node_modules/react-native`)
  - react-native-background-service (from `../node_modules/react-native-background-service/`)
  - react-native-sqlite-storage (from `../node_modules/react-native-sqlite-storage`)
  - yoga (from `../node_modules/react-native/ReactCommon/yoga`)

SPEC REPOS:
  https://github.com/cocoapods/specs.git:
    - boost-for-react-native
    - DoubleConversion
    - glog

EXTERNAL SOURCES:
  Folly:
    :podspec: "../node_modules/react-native/third-party-podspecs/Folly.podspec"
  React:
    :path: "../node_modules/react-native"
  react-native-background-service:
    :path: "../node_modules/react-native-background-service/"
  react-native-sqlite-storage:
    :path: "../node_modules/react-native-sqlite-storage"
  yoga:
    :path: "../node_modules/react-native/ReactCommon/yoga"

SPEC CHECKSUMS:
  boost-for-react-native: 39c7adb57c4e60d6c5479dd8623128eb5b3f0f2c
  DoubleConversion: e22e0762848812a87afd67ffda3998d9ef29170c
  Folly: de497beb10f102453a1afa9edbf8cf8a251890de
  glog: 1de0bb937dccdc981596d3b5825ebfb765017ded
  React: 466fd4ed76b09452bacab56b48bc122b3b094ba0
  react-native-background-service: dc549c0353f0029137013c47044a99115b4ecdeb
  react-native-sqlite-storage: e2514e75e65458cc2c6590d181bd1947ec6f4e3f
  yoga: 00e4390d4d6282e07b3b8276c94703bd66428119

PODFILE CHECKSUM: 85a52269ab12cc12fe6c442dfa14ed0f55085289

COCOAPODS: 1.6.1
