PODS:
  - boost-for-react-native (1.63.0)
  - BVLinearGradient (2.5.5):
    - React
  - DoubleConversion (1.1.6)
  - Folly (2018.10.22.00):
    - boost-for-react-native
    - DoubleConversion
    - glog
  - glog (0.3.5)
  - GoogleSignIn (4.4.0):
    - "GoogleToolboxForMac/NSDictionary+URLArguments (~> 2.1)"
    - "GoogleToolboxForMac/NSString+URLArguments (~> 2.1)"
    - GTMSessionFetcher/Core (~> 1.1)
  - GoogleToolboxForMac/DebugUtils (2.2.1):
    - GoogleToolboxForMac/Defines (= 2.2.1)
  - GoogleToolboxForMac/Defines (2.2.1)
  - "GoogleToolboxForMac/NSDictionary+URLArguments (2.2.1)":
    - GoogleToolboxForMac/DebugUtils (= 2.2.1)
    - GoogleToolboxForMac/Defines (= 2.2.1)
    - "GoogleToolboxForMac/NSString+URLArguments (= 2.2.1)"
  - "GoogleToolboxForMac/NSString+URLArguments (2.2.1)"
  - GTMSessionFetcher/Core (1.2.2)
  - React (0.59.9):
    - React/Core (= 0.59.9)
  - React/Core (0.59.9):
    - yoga (= 0.59.9.React)
  - React/RCTImage (0.59.9):
    - React/Core
    - React/RCTNetwork
  - React/RCTNetwork (0.59.9):
    - React/Core
  - Realm (3.17.0):
    - Realm/Headers (= 3.17.0)
  - Realm/Headers (3.17.0)
  - RealmSwift (3.17.0):
    - Realm (= 3.17.0)
  - RNCAsyncStorage (1.5.1):
    - React
  - RNSVG (9.5.3):
    - React
  - RNVectorIcons (6.6.0):
    - React
  - yoga (0.59.9.React)

DEPENDENCIES:
  - BVLinearGradient (from `../node_modules/react-native-linear-gradient`)
  - DoubleConversion (from `../node_modules/react-native/third-party-podspecs/DoubleConversion.podspec`)
  - Folly (from `../node_modules/react-native/third-party-podspecs/Folly.podspec`)
  - glog (from `../node_modules/react-native/third-party-podspecs/glog.podspec`)
  - GoogleSignIn (~> 4.4.0)
  - React/RCTImage (from `../node_modules/react-native`)
  - Realm
  - RealmSwift (~> 3.17)
  - "RNCAsyncStorage (from `../node_modules/@react-native-community/async-storage`)"
  - RNSVG (from `../node_modules/react-native-svg`)
  - RNVectorIcons (from `../node_modules/react-native-vector-icons`)
  - yoga (from `../node_modules/react-native/ReactCommon/yoga`)

SPEC REPOS:
  https://github.com/cocoapods/specs.git:
    - boost-for-react-native
    - GoogleSignIn
    - GoogleToolboxForMac
    - GTMSessionFetcher
    - Realm
    - RealmSwift

EXTERNAL SOURCES:
  BVLinearGradient:
    :path: "../node_modules/react-native-linear-gradient"
  DoubleConversion:
    :podspec: "../node_modules/react-native/third-party-podspecs/DoubleConversion.podspec"
  Folly:
    :podspec: "../node_modules/react-native/third-party-podspecs/Folly.podspec"
  glog:
    :podspec: "../node_modules/react-native/third-party-podspecs/glog.podspec"
  React:
    :path: "../node_modules/react-native"
  RNCAsyncStorage:
    :path: "../node_modules/@react-native-community/async-storage"
  RNSVG:
    :path: "../node_modules/react-native-svg"
  RNVectorIcons:
    :path: "../node_modules/react-native-vector-icons"
  yoga:
    :path: "../node_modules/react-native/ReactCommon/yoga"

SPEC CHECKSUMS:
  boost-for-react-native: 39c7adb57c4e60d6c5479dd8623128eb5b3f0f2c
  BVLinearGradient: 443c2260a0757fbf0513a64e792abc2017db9a06
  DoubleConversion: bb338842f62ab1d708ceb63ec3d999f0f3d98ecd
  Folly: de497beb10f102453a1afa9edbf8cf8a251890de
  glog: aefd1eb5dda2ab95ba0938556f34b98e2da3a60d
  GoogleSignIn: 7ff245e1a7b26d379099d3243a562f5747e23d39
  GoogleToolboxForMac: b3553629623a3b1bff17f555e736cd5a6d95ad55
  GTMSessionFetcher: 61bb0f61a4cb560030f1222021178008a5727a23
  React: a86b92f00edbe1873a63e4a212c29b7a7ad5224f
  Realm: b30db41ff34fc858ffc25ba8d44a82c164e7ccd0
  RealmSwift: fe733e459d60dc7b6971d4cbee2eb4854097d12c
  RNCAsyncStorage: 2808c378f6a70f22f66eeb6c11a8d69f326dd795
  RNSVG: 90c76b7cf235654d45e54655b6c189ea4041057c
  RNVectorIcons: 0bb4def82230be1333ddaeee9fcba45f0b288ed4
  yoga: 03ff42a6f223fb88deeaed60249020d80c3091ee

PODFILE CHECKSUM: df3f31aa5959c4e32faa95b89d36b22df1bf0dd8

COCOAPODS: 1.7.1
